{
  "pins" : [
    {
      "identity" : "datacompression",
      "kind" : "remoteSourceControl",
      "location" : "https://github.com/mw99/DataCompression",
      "state" : {
        "revision" : "5ab15951321b08b74511601cbd0497667649d70b",
        "version" : "3.8.0"
      }
    },
    {
      "identity" : "lvdbwrapper",
      "kind" : "remoteSourceControl",
      "location" : "https://github.com/yechentide/LvDBWrapper",
      "state" : {
        "branch" : "main",
        "revision" : "d9eb52d8cbaace7c979c2f463601254a66e974f5"
      }
    }
  ],
  "version" : 2
}
