{
  "pins" : [
    {
      "identity" : "datacompression",
      "kind" : "remoteSourceControl",
      "location" : "https://github.com/mw99/DataCompression",
      "state" : {
        "revision" : "5ab15951321b08b74511601cbd0497667649d70b",
        "version" : "3.8.0"
      }
    },
    {
      "identity" : "lvdbwrapper",
      "kind" : "remoteSourceControl",
      "location" : "https://github.com/yechentide/LvDBWrapper",
      "state" : {
        "revision" : "b1b375a6e234087e1c314af38acb53b8a9358b76",
        "version" : "1.1.0"
      }
    }
  ],
  "version" : 2
}
